
Microsoft Visual Studio Solution File, Format Version 12.00
# Visual Studio Version 17
VisualStudioVersion = 17.14.36127.28 d17.14
MinimumVisualStudioVersion = 10.0.40219.1
Project("{FAE04EC0-301F-11D3-BF4B-00C04F79EFBC}") = "Hotel_ManagementIT13", "Hotel_ManagementIT13\Hotel_ManagementIT13.csproj", "{78AC3FC5-9470-401F-A6A2-3CE2E336B405}"
EndProject
Global
	GlobalSection(SolutionConfigurationPlatforms) = preSolution
		Debug|Any CPU = Debug|Any CPU
		Release|Any CPU = Release|Any CPU
	EndGlobalSection
	GlobalSection(ProjectConfigurationPlatforms) = postSolution
		{78AC3FC5-9470-401F-A6A2-3CE2E336B405}.Debug|Any CPU.ActiveCfg = Debug|Any CPU
		{78AC3FC5-9470-401F-A6A2-3CE2E336B405}.Debug|Any CPU.Build.0 = Debug|Any CPU
		{78AC3FC5-9470-401F-A6A2-3CE2E336B405}.Release|Any CPU.ActiveCfg = Release|Any CPU
		{78AC3FC5-9470-401F-A6A2-3CE2E336B405}.Release|Any CPU.Build.0 = Release|Any CPU
	EndGlobalSection
	GlobalSection(SolutionProperties) = preSolution
		HideSolutionNode = FALSE
	EndGlobalSection
	GlobalSection(ExtensibilityGlobals) = postSolution
		SolutionGuid = {00CF2150-4B36-43D8-9791-678D6845C87B}
	EndGlobalSection
EndGlobal
